// !$*UTF8*$!
{
	archiveVersion = 1;
	classes = {
	};
	objectVersion = 55;
	objects = {

/* Begin PBXBuildFile section */
		69A2A237A0679E25C11D8616 /* Pods_NEUStockApp.framework in Frameworks */ = {isa = PBXBuildFile; fileRef = 29550AA5FD8EF6F4702D471C /* Pods_NEUStockApp.framework */; };
		9442275D299B4521000D8980 /* AppDelegate.swift in Sources */ = {isa = PBXBuildFile; fileRef = 9442275C299B4521000D8980 /* AppDelegate.swift */; };
		9442275F299B4521000D8980 /* SceneDelegate.swift in Sources */ = {isa = PBXBuildFile; fileRef = 9442275E299B4521000D8980 /* SceneDelegate.swift */; };
		94422761299B4521000D8980 /* ViewController.swift in Sources */ = {isa = PBXBuildFile; fileRef = 94422760299B4521000D8980 /* ViewController.swift */; };
		94422764299B4521000D8980 /* Main.storyboard in Resources */ = {isa = PBXBuildFile; fileRef = 94422762299B4521000D8980 /* Main.storyboard */; };
		94422766299B4524000D8980 /* Assets.xcassets in Resources */ = {isa = PBXBuildFile; fileRef = 94422765299B4524000D8980 /* Assets.xcassets */; };
		94422769299B4524000D8980 /* LaunchScreen.storyboard in Resources */ = {isa = PBXBuildFile; fileRef = 94422767299B4524000D8980 /* LaunchScreen.storyboard */; };
		94422773299B4776000D8980 /* Constants.swift in Sources */ = {isa = PBXBuildFile; fileRef = 94422772299B4776000D8980 /* Constants.swift */; };
/* End PBXBuildFile section */

/* Begin PBXFileReference section */
		28A7CFCFE609C09D705DCAF3 /* Pods-NEUStockApp.release.xcconfig */ = {isa = PBXFileReference; includeInIndex = 1; lastKnownFileType = text.xcconfig; name = "Pods-NEUStockApp.release.xcconfig"; path = "Target Support Files/Pods-NEUStockApp/Pods-NEUStockApp.release.xcconfig"; sourceTree = "<group>"; };
		29550AA5FD8EF6F4702D471C /* Pods_NEUStockApp.framework */ = {isa = PBXFileReference; explicitFileType = wrapper.framework; includeInIndex = 0; path = Pods_NEUStockApp.framework; sourceTree = BUILT_PRODUCTS_DIR; };
		94422759299B4521000D8980 /* NEUStockApp.app */ = {isa = PBXFileReference; explicitFileType = wrapper.application; includeInIndex = 0; path = NEUStockApp.app; sourceTree = BUILT_PRODUCTS_DIR; };
		9442275C299B4521000D8980 /* AppDelegate.swift */ = {isa = PBXFileReference; lastKnownFileType = sourcecode.swift; path = AppDelegate.swift; sourceTree = "<group>"; };
		9442275E299B4521000D8980 /* SceneDelegate.swift */ = {isa = PBXFileReference; lastKnownFileType = sourcecode.swift; path = SceneDelegate.swift; sourceTree = "<group>"; };
		94422760299B4521000D8980 /* ViewController.swift */ = {isa = PBXFileReference; lastKnownFileType = sourcecode.swift; path = ViewController.swift; sourceTree = "<group>"; };
		94422763299B4521000D8980 /* Base */ = {isa = PBXFileReference; lastKnownFileType = file.storyboard; name = Base; path = Base.lproj/Main.storyboard; sourceTree = "<group>"; };
		94422765299B4524000D8980 /* Assets.xcassets */ = {isa = PBXFileReference; lastKnownFileType = folder.assetcatalog; path = Assets.xcassets; sourceTree = "<group>"; };
		94422768299B4524000D8980 /* Base */ = {isa = PBXFileReference; lastKnownFileType = file.storyboard; name = Base; path = Base.lproj/LaunchScreen.storyboard; sourceTree = "<group>"; };
		9442276A299B4524000D8980 /* Info.plist */ = {isa = PBXFileReference; lastKnownFileType = text.plist.xml; path = Info.plist; sourceTree = "<group>"; };
		94422772299B4776000D8980 /* Constants.swift */ = {isa = PBXFileReference; lastKnownFileType = sourcecode.swift; path = Constants.swift; sourceTree = "<group>"; };
		DC1C63911B5F390933CFB17F /* Pods-NEUStockApp.debug.xcconfig */ = {isa = PBXFileReference; includeInIndex = 1; lastKnownFileType = text.xcconfig; name = "Pods-NEUStockApp.debug.xcconfig"; path = "Target Support Files/Pods-NEUStockApp/Pods-NEUStockApp.debug.xcconfig"; sourceTree = "<group>"; };
/* End PBXFileReference section */

/* Begin PBXFrameworksBuildPhase section */
		94422756299B4521000D8980 /* Frameworks */ = {
			isa = PBXFrameworksBuildPhase;
			buildActionMask = 2147483647;
			files = (
				69A2A237A0679E25C11D8616 /* Pods_NEUStockApp.framework in Frameworks */,
			);
			runOnlyForDeploymentPostprocessing = 0;
		};
/* End PBXFrameworksBuildPhase section */

/* Begin PBXGroup section */
		299A7CB239A2A1C40DF3C72F /* Pods */ = {
			isa = PBXGroup;
			children = (
				DC1C63911B5F390933CFB17F /* Pods-NEUStockApp.debug.xcconfig */,
				28A7CFCFE609C09D705DCAF3 /* Pods-NEUStockApp.release.xcconfig */,
			);
			name = Pods;
			path = Pods;
			sourceTree = "<group>";
		};
		94422750299B4521000D8980 = {
			isa = PBXGroup;
			children = (
				9442275B299B4521000D8980 /* NEUStockApp */,
				9442275A299B4521000D8980 /* Products */,
				299A7CB239A2A1C40DF3C72F /* Pods */,
				A6DF1E28B70E22E606498A35 /* Frameworks */,
			);
			sourceTree = "<group>";
		};
		9442275A299B4521000D8980 /* Products */ = {
			isa = PBXGroup;
			children = (
				94422759299B4521000D8980 /* NEUStockApp.app */,
			);
			name = Products;
			sourceTree = "<group>";
		};
		9442275B299B4521000D8980 /* NEUStockApp */ = {
			isa = PBXGroup;
			children = (
				94422771299B4731000D8980 /* Utils */,
				9442275C299B4521000D8980 /* AppDelegate.swift */,
				9442275E299B4521000D8980 /* SceneDelegate.swift */,
				94422760299B4521000D8980 /* ViewController.swift */,
				94422762299B4521000D8980 /* Main.storyboard */,
				94422765299B4524000D8980 /* Assets.xcassets */,
				94422767299B4524000D8980 /* LaunchScreen.storyboard */,
				9442276A299B4524000D8980 /* Info.plist */,
			);
			path = NEUStockApp;
			sourceTree = "<group>";
		};
		94422771299B4731000D8980 /* Utils */ = {
			isa = PBXGroup;
			children = (
				94422772299B4776000D8980 /* Constants.swift */,
			);
			path = Utils;
			sourceTree = "<group>";
		};
		A6DF1E28B70E22E606498A35 /* Frameworks */ = {
			isa = PBXGroup;
			children = (
				29550AA5FD8EF6F4702D471C /* Pods_NEUStockApp.framework */,
			);
			name = Frameworks;
			sourceTree = "<group>";
		};
/* End PBXGroup section */

/* Begin PBXNativeTarget section */
		94422758299B4521000D8980 /* NEUStockApp */ = {
			isa = PBXNativeTarget;
			buildConfigurationList = 9442276D299B4524000D8980 /* Build configuration list for PBXNativeTarget "NEUStockApp" */;
			buildPhases = (
				10EBEFADE3CB7EC067544947 /* [CP] Check Pods Manifest.lock */,
				94422755299B4521000D8980 /* Sources */,
				94422756299B4521000D8980 /* Frameworks */,
				94422757299B4521000D8980 /* Resources */,
				469AF746935E1E143C80CD14 /* [CP] Embed Pods Frameworks */,
			);
			buildRules = (
			);
			dependencies = (
			);
			name = NEUStockApp;
			productName = NEUStockApp;
			productReference = 94422759299B4521000D8980 /* NEUStockApp.app */;
			productType = "com.apple.product-type.application";
		};
/* End PBXNativeTarget section */

/* Begin PBXProject section */
		94422751299B4521000D8980 /* Project object */ = {
			isa = PBXProject;
			attributes = {
				BuildIndependentTargetsInParallel = 1;
				LastSwiftUpdateCheck = 1320;
				LastUpgradeCheck = 1320;
				TargetAttributes = {
					94422758299B4521000D8980 = {
						CreatedOnToolsVersion = 13.2.1;
					};
				};
			};
			buildConfigurationList = 94422754299B4521000D8980 /* Build configuration list for PBXProject "NEUStockApp" */;
			compatibilityVersion = "Xcode 13.0";
			developmentRegion = en;
			hasScannedForEncodings = 0;
			knownRegions = (
				en,
				Base,
			);
			mainGroup = 94422750299B4521000D8980;
			productRefGroup = 9442275A299B4521000D8980 /* Products */;
			projectDirPath = "";
			projectRoot = "";
			targets = (
				94422758299B4521000D8980 /* NEUStockApp */,
			);
		};
/* End PBXProject section */

/* Begin PBXResourcesBuildPhase section */
		94422757299B4521000D8980 /* Resources */ = {
			isa = PBXResourcesBuildPhase;
			buildActionMask = 2147483647;
			files = (
				94422769299B4524000D8980 /* LaunchScreen.storyboard in Resources */,
				94422766299B4524000D8980 /* Assets.xcassets in Resources */,
				94422764299B4521000D8980 /* Main.storyboard in Resources */,
			);
			runOnlyForDeploymentPostprocessing = 0;
		};
/* End PBXResourcesBuildPhase section */

/* Begin PBXShellScriptBuildPhase section */
		10EBEFADE3CB7EC067544947 /* [CP] Check Pods Manifest.lock */ = {
			isa = PBXShellScriptBuildPhase;
			buildActionMask = 2147483647;
			files = (
			);
			inputFileListPaths = (
			);
			inputPaths = (
				"${PODS_PODFILE_DIR_PATH}/Podfile.lock",
				"${PODS_ROOT}/Manifest.lock",
			);
			name = "[CP] Check Pods Manifest.lock";
			outputFileListPaths = (
			);
			outputPaths = (
				"$(DERIVED_FILE_DIR)/Pods-NEUStockApp-checkManifestLockResult.txt",
			);
			runOnlyForDeploymentPostprocessing = 0;
			shellPath = /bin/sh;
			shellScript = "diff \"${PODS_PODFILE_DIR_PATH}/Podfile.lock\" \"${PODS_ROOT}/Manifest.lock\" > /dev/null\nif [ $? != 0 ] ; then\n    # print error to STDERR\n    echo \"error: The sandbox is not in sync with the Podfile.lock. Run 'pod install' or update your CocoaPods installation.\" >&2\n    exit 1\nfi\n# This output is used by Xcode 'outputs' to avoid re-running this script phase.\necho \"SUCCESS\" > \"${SCRIPT_OUTPUT_FILE_0}\"\n";
			showEnvVarsInLog = 0;
		};
		469AF746935E1E143C80CD14 /* [CP] Embed Pods Frameworks */ = {
			isa = PBXShellScriptBuildPhase;
			buildActionMask = 2147483647;
			files = (
			);
			inputFileListPaths = (
				"${PODS_ROOT}/Target Support Files/Pods-NEUStockApp/Pods-NEUStockApp-frameworks-${CONFIGURATION}-input-files.xcfilelist",
			);
			name = "[CP] Embed Pods Frameworks";
			outputFileListPaths = (
				"${PODS_ROOT}/Target Support Files/Pods-NEUStockApp/Pods-NEUStockApp-frameworks-${CONFIGURATION}-output-files.xcfilelist",
			);
			runOnlyForDeploymentPostprocessing = 0;
			shellPath = /bin/sh;
			shellScript = "\"${PODS_ROOT}/Target Support Files/Pods-NEUStockApp/Pods-NEUStockApp-frameworks.sh\"\n";
			showEnvVarsInLog = 0;
		};
/* End PBXShellScriptBuildPhase section */

/* Begin PBXSourcesBuildPhase section */
		94422755299B4521000D8980 /* Sources */ = {
			isa = PBXSourcesBuildPhase;
			buildActionMask = 2147483647;
			files = (
				94422761299B4521000D8980 /* ViewController.swift in Sources */,
				9442275D299B4521000D8980 /* AppDelegate.swift in Sources */,
				9442275F299B4521000D8980 /* SceneDelegate.swift in Sources */,
				94422773299B4776000D8980 /* Constants.swift in Sources */,
			);
			runOnlyForDeploymentPostprocessing = 0;
		};
/* End PBXSourcesBuildPhase section */

/* Begin PBXVariantGroup section */
		94422762299B4521000D8980 /* Main.storyboard */ = {
			isa = PBXVariantGroup;
			children = (
				94422763299B4521000D8980 /* Base */,
			);
			name = Main.storyboard;
			sourceTree = "<group>";
		};
		94422767299B4524000D8980 /* LaunchScreen.storyboard */ = {
			isa = PBXVariantGroup;
			children = (
				94422768299B4524000D8980 /* Base */,
			);
			name = LaunchScreen.storyboard;
			sourceTree = "<group>";
		};
/* End PBXVariantGroup section */

/* Begin XCBuildConfiguration section */
		9442276B299B4524000D8980 /* Debug */ = {
			isa = XCBuildConfiguration;
			buildSettings = {
				ALWAYS_SEARCH_USER_PATHS = NO;
				CLANG_ANALYZER_NONNULL = YES;
				CLANG_ANALYZER_NUMBER_OBJECT_CONVERSION = YES_AGGRESSIVE;
				CLANG_CXX_LANGUAGE_STANDARD = "gnu++17";
				CLANG_CXX_LIBRARY = "libc++";
				CLANG_ENABLE_MODULES = YES;
				CLANG_ENABLE_OBJC_ARC = YES;
				CLANG_ENABLE_OBJC_WEAK = YES;
				CLANG_WARN_BLOCK_CAPTURE_AUTORELEASING = YES;
				CLANG_WARN_BOOL_CONVERSION = YES;
				CLANG_WARN_COMMA = YES;
				CLANG_WARN_CONSTANT_CONVERSION = YES;
				CLANG_WARN_DEPRECATED_OBJC_IMPLEMENTATIONS = YES;
				CLANG_WARN_DIRECT_OBJC_ISA_USAGE = YES_ERROR;
				CLANG_WARN_DOCUMENTATION_COMMENTS = YES;
				CLANG_WARN_EMPTY_BODY = YES;
				CLANG_WARN_ENUM_CONVERSION = YES;
				CLANG_WARN_INFINITE_RECURSION = YES;
				CLANG_WARN_INT_CONVERSION = YES;
				CLANG_WARN_NON_LITERAL_NULL_CONVERSION = YES;
				CLANG_WARN_OBJC_IMPLICIT_RETAIN_SELF = YES;
				CLANG_WARN_OBJC_LITERAL_CONVERSION = YES;
				CLANG_WARN_OBJC_ROOT_CLASS = YES_ERROR;
				CLANG_WARN_QUOTED_INCLUDE_IN_FRAMEWORK_HEADER = YES;
				CLANG_WARN_RANGE_LOOP_ANALYSIS = YES;
				CLANG_WARN_STRICT_PROTOTYPES = YES;
				CLANG_WARN_SUSPICIOUS_MOVE = YES;
				CLANG_WARN_UNGUARDED_AVAILABILITY = YES_AGGRESSIVE;
				CLANG_WARN_UNREACHABLE_CODE = YES;
				CLANG_WARN__DUPLICATE_METHOD_MATCH = YES;
				COPY_PHASE_STRIP = NO;
				DEBUG_INFORMATION_FORMAT = dwarf;
				ENABLE_STRICT_OBJC_MSGSEND = YES;
				ENABLE_TESTABILITY = YES;
				GCC_C_LANGUAGE_STANDARD = gnu11;
				GCC_DYNAMIC_NO_PIC = NO;
				GCC_NO_COMMON_BLOCKS = YES;
				GCC_OPTIMIZATION_LEVEL = 0;
				GCC_PREPROCESSOR_DEFINITIONS = (
					"DEBUG=1",
					"$(inherited)",
				);
				GCC_WARN_64_TO_32_BIT_CONVERSION = YES;
				GCC_WARN_ABOUT_RETURN_TYPE = YES_ERROR;
				GCC_WARN_UNDECLARED_SELECTOR = YES;
				GCC_WARN_UNINITIALIZED_AUTOS = YES_AGGRESSIVE;
				GCC_WARN_UNUSED_FUNCTION = YES;
				GCC_WARN_UNUSED_VARIABLE = YES;
				IPHONEOS_DEPLOYMENT_TARGET = 15.2;
				MTL_ENABLE_DEBUG_INFO = INCLUDE_SOURCE;
				MTL_FAST_MATH = YES;
				ONLY_ACTIVE_ARCH = YES;
				SDKROOT = iphoneos;
				SWIFT_ACTIVE_COMPILATION_CONDITIONS = DEBUG;
				SWIFT_OPTIMIZATION_LEVEL = "-Onone";
			};
			name = Debug;
		};
		9442276C299B4524000D8980 /* Release */ = {
			isa = XCBuildConfiguration;
			buildSettings = {
				ALWAYS_SEARCH_USER_PATHS = NO;
				CLANG_ANALYZER_NONNULL = YES;
				CLANG_ANALYZER_NUMBER_OBJECT_CONVERSION = YES_AGGRESSIVE;
				CLANG_CXX_LANGUAGE_STANDARD = "gnu++17";
				CLANG_CXX_LIBRARY = "libc++";
				CLANG_ENABLE_MODULES = YES;
				CLANG_ENABLE_OBJC_ARC = YES;
				CLANG_ENABLE_OBJC_WEAK = YES;
				CLANG_WARN_BLOCK_CAPTURE_AUTORELEASING = YES;
				CLANG_WARN_BOOL_CONVERSION = YES;
				CLANG_WARN_COMMA = YES;
				CLANG_WARN_CONSTANT_CONVERSION = YES;
				CLANG_WARN_DEPRECATED_OBJC_IMPLEMENTATIONS = YES;
				CLANG_WARN_DIRECT_OBJC_ISA_USAGE = YES_ERROR;
				CLANG_WARN_DOCUMENTATION_COMMENTS = YES;
				CLANG_WARN_EMPTY_BODY = YES;
				CLANG_WARN_ENUM_CONVERSION = YES;
				CLANG_WARN_INFINITE_RECURSION = YES;
				CLANG_WARN_INT_CONVERSION = YES;
				CLANG_WARN_NON_LITERAL_NULL_CONVERSION = YES;
				CLANG_WARN_OBJC_IMPLICIT_RETAIN_SELF = YES;
				CLANG_WARN_OBJC_LITERAL_CONVERSION = YES;
				CLANG_WARN_OBJC_ROOT_CLASS = YES_ERROR;
				CLANG_WARN_QUOTED_INCLUDE_IN_FRAMEWORK_HEADER = YES;
				CLANG_WARN_RANGE_LOOP_ANALYSIS = YES;
				CLANG_WARN_STRICT_PROTOTYPES = YES;
				CLANG_WARN_SUSPICIOUS_MOVE = YES;
				CLANG_WARN_UNGUARDED_AVAILABILITY = YES_AGGRESSIVE;
				CLANG_WARN_UNREACHABLE_CODE = YES;
				CLANG_WARN__DUPLICATE_METHOD_MATCH = YES;
				COPY_PHASE_STRIP = NO;
				DEBUG_INFORMATION_FORMAT = "dwarf-with-dsym";
				ENABLE_NS_ASSERTIONS = NO;
				ENABLE_STRICT_OBJC_MSGSEND = YES;
				GCC_C_LANGUAGE_STANDARD = gnu11;
				GCC_NO_COMMON_BLOCKS = YES;
				GCC_WARN_64_TO_32_BIT_CONVERSION = YES;
				GCC_WARN_ABOUT_RETURN_TYPE = YES_ERROR;
				GCC_WARN_UNDECLARED_SELECTOR = YES;
				GCC_WARN_UNINITIALIZED_AUTOS = YES_AGGRESSIVE;
				GCC_WARN_UNUSED_FUNCTION = YES;
				GCC_WARN_UNUSED_VARIABLE = YES;
				IPHONEOS_DEPLOYMENT_TARGET = 15.2;
				MTL_ENABLE_DEBUG_INFO = NO;
				MTL_FAST_MATH = YES;
				SDKROOT = iphoneos;
				SWIFT_COMPILATION_MODE = wholemodule;
				SWIFT_OPTIMIZATION_LEVEL = "-O";
				VALIDATE_PRODUCT = YES;
			};
			name = Release;
		};
		9442276E299B4524000D8980 /* Debug */ = {
			isa = XCBuildConfiguration;
			baseConfigurationReference = DC1C63911B5F390933CFB17F /* Pods-NEUStockApp.debug.xcconfig */;
			buildSettings = {
				ASSETCATALOG_COMPILER_APPICON_NAME = AppIcon;
				ASSETCATALOG_COMPILER_GLOBAL_ACCENT_COLOR_NAME = AccentColor;
				CODE_SIGN_STYLE = Automatic;
				CURRENT_PROJECT_VERSION = 1;
				DEVELOPMENT_TEAM = 6MK4Y7JZVW;
				GENERATE_INFOPLIST_FILE = YES;
				INFOPLIST_FILE = NEUStockApp/Info.plist;
				INFOPLIST_KEY_UIApplicationSupportsIndirectInputEvents = YES;
				INFOPLIST_KEY_UILaunchStoryboardName = LaunchScreen;
				INFOPLIST_KEY_UIMainStoryboardFile = Main;
				INFOPLIST_KEY_UISupportedInterfaceOrientations_iPad = "UIInterfaceOrientationPortrait UIInterfaceOrientationPortraitUpsideDown UIInterfaceOrientationLandscapeLeft UIInterfaceOrientationLandscapeRight";
				INFOPLIST_KEY_UISupportedInterfaceOrientations_iPhone = "UIInterfaceOrientationPortrait UIInterfaceOrientationLandscapeLeft UIInterfaceOrientationLandscapeRight";
				LD_RUNPATH_SEARCH_PATHS = (
					"$(inherited)",
					"@executable_path/Frameworks",
				);
				MARKETING_VERSION = 1.0;
				PRODUCT_BUNDLE_IDENTIFIER = edu.northeastern.wenqi.NEUStockApp;
				PRODUCT_NAME = "$(TARGET_NAME)";
				SWIFT_EMIT_LOC_STRINGS = YES;
				SWIFT_VERSION = 5.0;
				TARGETED_DEVICE_FAMILY = "1,2";
			};
			name = Debug;
		};
		9442276F299B4524000D8980 /* Release */ = {
			isa = XCBuildConfiguration;
			baseConfigurationReference = 28A7CFCFE609C09D705DCAF3 /* Pods-NEUStockApp.release.xcconfig */;
			buildSettings = {
				ASSETCATALOG_COMPILER_APPICON_NAME = AppIcon;
				ASSETCATALOG_COMPILER_GLOBAL_ACCENT_COLOR_NAME = AccentColor;
				CODE_SIGN_STYLE = Automatic;
				CURRENT_PROJECT_VERSION = 1;
				DEVELOPMENT_TEAM = 6MK4Y7JZVW;
				GENERATE_INFOPLIST_FILE = YES;
				INFOPLIST_FILE = NEUStockApp/Info.plist;
				INFOPLIST_KEY_UIApplicationSupportsIndirectInputEvents = YES;
				INFOPLIST_KEY_UILaunchStoryboardName = LaunchScreen;
				INFOPLIST_KEY_UIMainStoryboardFile = Main;
				INFOPLIST_KEY_UISupportedInterfaceOrientations_iPad = "UIInterfaceOrientationPortrait UIInterfaceOrientationPortraitUpsideDown UIInterfaceOrientationLandscapeLeft UIInterfaceOrientationLandscapeRight";
				INFOPLIST_KEY_UISupportedInterfaceOrientations_iPhone = "UIInterfaceOrientationPortrait UIInterfaceOrientationLandscapeLeft UIInterfaceOrientationLandscapeRight";
				LD_RUNPATH_SEARCH_PATHS = (
					"$(inherited)",
					"@executable_path/Frameworks",
				);
				MARKETING_VERSION = 1.0;
				PRODUCT_BUNDLE_IDENTIFIER = edu.northeastern.wenqi.NEUStockApp;
				PRODUCT_NAME = "$(TARGET_NAME)";
				SWIFT_EMIT_LOC_STRINGS = YES;
				SWIFT_VERSION = 5.0;
				TARGETED_DEVICE_FAMILY = "1,2";
			};
			name = Release;
		};
/* End XCBuildConfiguration section */

/* Begin XCConfigurationList section */
		94422754299B4521000D8980 /* Build configuration list for PBXProject "NEUStockApp" */ = {
			isa = XCConfigurationList;
			buildConfigurations = (
				9442276B299B4524000D8980 /* Debug */,
				9442276C299B4524000D8980 /* Release */,
			);
			defaultConfigurationIsVisible = 0;
			defaultConfigurationName = Release;
		};
		9442276D299B4524000D8980 /* Build configuration list for PBXNativeTarget "NEUStockApp" */ = {
			isa = XCConfigurationList;
			buildConfigurations = (
				9442276E299B4524000D8980 /* Debug */,
				9442276F299B4524000D8980 /* Release */,
			);
			defaultConfigurationIsVisible = 0;
			defaultConfigurationName = Release;
		};
/* End XCConfigurationList section */
	};
	rootObject = 94422751299B4521000D8980 /* Project object */;
}
