// !$*UTF8*$!
{
	archiveVersion = 1;
	classes = {
	};
	objectVersion = 55;
	objects = {

/* Begin PBXBuildFile section */
		9490E2EC29D63116006F1DA7 /* AppDelegate.swift in Sources */ = {isa = PBXBuildFile; fileRef = 9490E2EB29D63116006F1DA7 /* AppDelegate.swift */; };
		9490E2EE29D63116006F1DA7 /* SceneDelegate.swift in Sources */ = {isa = PBXBuildFile; fileRef = 9490E2ED29D63116006F1DA7 /* SceneDelegate.swift */; };
		9490E2F029D63116006F1DA7 /* ViewController.swift in Sources */ = {isa = PBXBuildFile; fileRef = 9490E2EF29D63116006F1DA7 /* ViewController.swift */; };
		9490E2F329D63116006F1DA7 /* Main.storyboard in Resources */ = {isa = PBXBuildFile; fileRef = 9490E2F129D63116006F1DA7 /* Main.storyboard */; };
		9490E2F529D63117006F1DA7 /* Assets.xcassets in Resources */ = {isa = PBXBuildFile; fileRef = 9490E2F429D63117006F1DA7 /* Assets.xcassets */; };
		9490E2F829D63117006F1DA7 /* LaunchScreen.storyboard in Resources */ = {isa = PBXBuildFile; fileRef = 9490E2F629D63117006F1DA7 /* LaunchScreen.storyboard */; };
		94DDA35F29D637B800AA197E /* Localizable.strings in Resources */ = {isa = PBXBuildFile; fileRef = 94DDA36129D637B800AA197E /* Localizable.strings */; };
		94DDA36529D6388C00AA197E /* LocalizationUtil.swift in Sources */ = {isa = PBXBuildFile; fileRef = 94DDA36429D6388C00AA197E /* LocalizationUtil.swift */; };
/* End PBXBuildFile section */

/* Begin PBXFileReference section */
		9453AD6529D6375D00818CC3 /* hi */ = {isa = PBXFileReference; lastKnownFileType = text.plist.strings; name = hi; path = hi.lproj/Main.strings; sourceTree = "<group>"; };
		9453AD6629D6375D00818CC3 /* hi */ = {isa = PBXFileReference; lastKnownFileType = text.plist.strings; name = hi; path = hi.lproj/LaunchScreen.strings; sourceTree = "<group>"; };
		9490E2E829D63116006F1DA7 /* LocalizationExampleTry.app */ = {isa = PBXFileReference; explicitFileType = wrapper.application; includeInIndex = 0; path = LocalizationExampleTry.app; sourceTree = BUILT_PRODUCTS_DIR; };
		9490E2EB29D63116006F1DA7 /* AppDelegate.swift */ = {isa = PBXFileReference; lastKnownFileType = sourcecode.swift; path = AppDelegate.swift; sourceTree = "<group>"; };
		9490E2ED29D63116006F1DA7 /* SceneDelegate.swift */ = {isa = PBXFileReference; lastKnownFileType = sourcecode.swift; path = SceneDelegate.swift; sourceTree = "<group>"; };
		9490E2EF29D63116006F1DA7 /* ViewController.swift */ = {isa = PBXFileReference; lastKnownFileType = sourcecode.swift; path = ViewController.swift; sourceTree = "<group>"; };
		9490E2F229D63116006F1DA7 /* Base */ = {isa = PBXFileReference; lastKnownFileType = file.storyboard; name = Base; path = Base.lproj/Main.storyboard; sourceTree = "<group>"; };
		9490E2F429D63117006F1DA7 /* Assets.xcassets */ = {isa = PBXFileReference; lastKnownFileType = folder.assetcatalog; path = Assets.xcassets; sourceTree = "<group>"; };
		9490E2F729D63117006F1DA7 /* Base */ = {isa = PBXFileReference; lastKnownFileType = file.storyboard; name = Base; path = Base.lproj/LaunchScreen.storyboard; sourceTree = "<group>"; };
		9490E2F929D63117006F1DA7 /* Info.plist */ = {isa = PBXFileReference; lastKnownFileType = text.plist.xml; path = Info.plist; sourceTree = "<group>"; };
		94DDA36029D637B800AA197E /* hi */ = {isa = PBXFileReference; lastKnownFileType = text.plist.strings; name = hi; path = hi.lproj/Localizable.strings; sourceTree = "<group>"; };
		94DDA36229D637BE00AA197E /* en */ = {isa = PBXFileReference; lastKnownFileType = text.plist.strings; name = en; path = en.lproj/Localizable.strings; sourceTree = "<group>"; };
		94DDA36429D6388C00AA197E /* LocalizationUtil.swift */ = {isa = PBXFileReference; lastKnownFileType = sourcecode.swift; path = LocalizationUtil.swift; sourceTree = "<group>"; };
/* End PBXFileReference section */

/* Begin PBXFrameworksBuildPhase section */
		9490E2E529D63116006F1DA7 /* Frameworks */ = {
			isa = PBXFrameworksBuildPhase;
			buildActionMask = 2147483647;
			files = (
			);
			runOnlyForDeploymentPostprocessing = 0;
		};
/* End PBXFrameworksBuildPhase section */

/* Begin PBXGroup section */
		9490E2DF29D63116006F1DA7 = {
			isa = PBXGroup;
			children = (
				9490E2EA29D63116006F1DA7 /* LocalizationExampleTry */,
				9490E2E929D63116006F1DA7 /* Products */,
			);
			sourceTree = "<group>";
		};
		9490E2E929D63116006F1DA7 /* Products */ = {
			isa = PBXGroup;
			children = (
				9490E2E829D63116006F1DA7 /* LocalizationExampleTry.app */,
			);
			name = Products;
			sourceTree = "<group>";
		};
		9490E2EA29D63116006F1DA7 /* LocalizationExampleTry */ = {
			isa = PBXGroup;
			children = (
				94DDA36329D6385300AA197E /* New Group */,
				9490E2EB29D63116006F1DA7 /* AppDelegate.swift */,
				9490E2ED29D63116006F1DA7 /* SceneDelegate.swift */,
				9490E2EF29D63116006F1DA7 /* ViewController.swift */,
				9490E2F129D63116006F1DA7 /* Main.storyboard */,
				9490E2F429D63117006F1DA7 /* Assets.xcassets */,
				9490E2F629D63117006F1DA7 /* LaunchScreen.storyboard */,
				9490E2F929D63117006F1DA7 /* Info.plist */,
				94DDA36129D637B800AA197E /* Localizable.strings */,
			);
			path = LocalizationExampleTry;
			sourceTree = "<group>";
		};
		94DDA36329D6385300AA197E /* New Group */ = {
			isa = PBXGroup;
			children = (
				94DDA36429D6388C00AA197E /* LocalizationUtil.swift */,
			);
			path = "New Group";
			sourceTree = "<group>";
		};
/* End PBXGroup section */

/* Begin PBXNativeTarget section */
		9490E2E729D63116006F1DA7 /* LocalizationExampleTry */ = {
			isa = PBXNativeTarget;
			buildConfigurationList = 9490E2FC29D63117006F1DA7 /* Build configuration list for PBXNativeTarget "LocalizationExampleTry" */;
			buildPhases = (
				9490E2E429D63116006F1DA7 /* Sources */,
				9490E2E529D63116006F1DA7 /* Frameworks */,
				9490E2E629D63116006F1DA7 /* Resources */,
			);
			buildRules = (
			);
			dependencies = (
			);
			name = LocalizationExampleTry;
			productName = LocalizationExampleTry;
			productReference = 9490E2E829D63116006F1DA7 /* LocalizationExampleTry.app */;
			productType = "com.apple.product-type.application";
		};
/* End PBXNativeTarget section */

/* Begin PBXProject section */
		9490E2E029D63116006F1DA7 /* Project object */ = {
			isa = PBXProject;
			attributes = {
				BuildIndependentTargetsInParallel = NO;
				LastSwiftUpdateCheck = 1320;
				LastUpgradeCheck = 1320;
				TargetAttributes = {
					9490E2E729D63116006F1DA7 = {
						CreatedOnToolsVersion = 13.2.1;
					};
				};
			};
			buildConfigurationList = 9490E2E329D63116006F1DA7 /* Build configuration list for PBXProject "LocalizationExampleTry" */;
			compatibilityVersion = "Xcode 13.0";
			developmentRegion = en;
			hasScannedForEncodings = 0;
			knownRegions = (
				en,
				Base,
				hi,
			);
			mainGroup = 9490E2DF29D63116006F1DA7;
			productRefGroup = 9490E2E929D63116006F1DA7 /* Products */;
			projectDirPath = "";
			projectRoot = "";
			targets = (
				9490E2E729D63116006F1DA7 /* LocalizationExampleTry */,
			);
		};
/* End PBXProject section */

/* Begin PBXResourcesBuildPhase section */
		9490E2E629D63116006F1DA7 /* Resources */ = {
			isa = PBXResourcesBuildPhase;
			buildActionMask = 2147483647;
			files = (
				9490E2F829D63117006F1DA7 /* LaunchScreen.storyboard in Resources */,
				94DDA35F29D637B800AA197E /* Localizable.strings in Resources */,
				9490E2F529D63117006F1DA7 /* Assets.xcassets in Resources */,
				9490E2F329D63116006F1DA7 /* Main.storyboard in Resources */,
			);
			runOnlyForDeploymentPostprocessing = 0;
		};
/* End PBXResourcesBuildPhase section */

/* Begin PBXSourcesBuildPhase section */
		9490E2E429D63116006F1DA7 /* Sources */ = {
			isa = PBXSourcesBuildPhase;
			buildActionMask = 2147483647;
			files = (
				94DDA36529D6388C00AA197E /* LocalizationUtil.swift in Sources */,
				9490E2F029D63116006F1DA7 /* ViewController.swift in Sources */,
				9490E2EC29D63116006F1DA7 /* AppDelegate.swift in Sources */,
				9490E2EE29D63116006F1DA7 /* SceneDelegate.swift in Sources */,
			);
			runOnlyForDeploymentPostprocessing = 0;
		};
/* End PBXSourcesBuildPhase section */

/* Begin PBXVariantGroup section */
		9490E2F129D63116006F1DA7 /* Main.storyboard */ = {
			isa = PBXVariantGroup;
			children = (
				9490E2F229D63116006F1DA7 /* Base */,
				9453AD6529D6375D00818CC3 /* hi */,
			);
			name = Main.storyboard;
			sourceTree = "<group>";
		};
		9490E2F629D63117006F1DA7 /* LaunchScreen.storyboard */ = {
			isa = PBXVariantGroup;
			children = (
				9490E2F729D63117006F1DA7 /* Base */,
				9453AD6629D6375D00818CC3 /* hi */,
			);
			name = LaunchScreen.storyboard;
			sourceTree = "<group>";
		};
		94DDA36129D637B800AA197E /* Localizable.strings */ = {
			isa = PBXVariantGroup;
			children = (
				94DDA36029D637B800AA197E /* hi */,
				94DDA36229D637BE00AA197E /* en */,
			);
			name = Localizable.strings;
			sourceTree = "<group>";
		};
/* End PBXVariantGroup section */

/* Begin XCBuildConfiguration section */
		9490E2FA29D63117006F1DA7 /* Debug */ = {
			isa = XCBuildConfiguration;
			buildSettings = {
				ALWAYS_SEARCH_USER_PATHS = NO;
				CLANG_ANALYZER_LOCALIZABILITY_NONLOCALIZED = YES;
				CLANG_ANALYZER_NONNULL = YES;
				CLANG_ANALYZER_NUMBER_OBJECT_CONVERSION = YES_AGGRESSIVE;
				CLANG_CXX_LANGUAGE_STANDARD = "gnu++17";
				CLANG_CXX_LIBRARY = "libc++";
				CLANG_ENABLE_MODULES = YES;
				CLANG_ENABLE_OBJC_ARC = YES;
				CLANG_ENABLE_OBJC_WEAK = YES;
				CLANG_WARN_BLOCK_CAPTURE_AUTORELEASING = YES;
				CLANG_WARN_BOOL_CONVERSION = YES;
				CLANG_WARN_COMMA = YES;
				CLANG_WARN_CONSTANT_CONVERSION = YES;
				CLANG_WARN_DEPRECATED_OBJC_IMPLEMENTATIONS = YES;
				CLANG_WARN_DIRECT_OBJC_ISA_USAGE = YES_ERROR;
				CLANG_WARN_DOCUMENTATION_COMMENTS = YES;
				CLANG_WARN_EMPTY_BODY = YES;
				CLANG_WARN_ENUM_CONVERSION = YES;
				CLANG_WARN_INFINITE_RECURSION = YES;
				CLANG_WARN_INT_CONVERSION = YES;
				CLANG_WARN_NON_LITERAL_NULL_CONVERSION = YES;
				CLANG_WARN_OBJC_IMPLICIT_RETAIN_SELF = YES;
				CLANG_WARN_OBJC_LITERAL_CONVERSION = YES;
				CLANG_WARN_OBJC_ROOT_CLASS = YES_ERROR;
				CLANG_WARN_QUOTED_INCLUDE_IN_FRAMEWORK_HEADER = YES;
				CLANG_WARN_RANGE_LOOP_ANALYSIS = YES;
				CLANG_WARN_STRICT_PROTOTYPES = YES;
				CLANG_WARN_SUSPICIOUS_MOVE = YES;
				CLANG_WARN_UNGUARDED_AVAILABILITY = YES_AGGRESSIVE;
				CLANG_WARN_UNREACHABLE_CODE = YES;
				CLANG_WARN__DUPLICATE_METHOD_MATCH = YES;
				COPY_PHASE_STRIP = NO;
				DEBUG_INFORMATION_FORMAT = dwarf;
				ENABLE_STRICT_OBJC_MSGSEND = YES;
				ENABLE_TESTABILITY = YES;
				GCC_C_LANGUAGE_STANDARD = gnu11;
				GCC_DYNAMIC_NO_PIC = NO;
				GCC_NO_COMMON_BLOCKS = YES;
				GCC_OPTIMIZATION_LEVEL = 0;
				GCC_PREPROCESSOR_DEFINITIONS = (
					"DEBUG=1",
					"$(inherited)",
				);
				GCC_WARN_64_TO_32_BIT_CONVERSION = YES;
				GCC_WARN_ABOUT_RETURN_TYPE = YES_ERROR;
				GCC_WARN_UNDECLARED_SELECTOR = YES;
				GCC_WARN_UNINITIALIZED_AUTOS = YES_AGGRESSIVE;
				GCC_WARN_UNUSED_FUNCTION = YES;
				GCC_WARN_UNUSED_VARIABLE = YES;
				IPHONEOS_DEPLOYMENT_TARGET = 15.2;
				MTL_ENABLE_DEBUG_INFO = INCLUDE_SOURCE;
				MTL_FAST_MATH = YES;
				ONLY_ACTIVE_ARCH = YES;
				SDKROOT = iphoneos;
				SWIFT_ACTIVE_COMPILATION_CONDITIONS = DEBUG;
				SWIFT_OPTIMIZATION_LEVEL = "-Onone";
			};
			name = Debug;
		};
		9490E2FB29D63117006F1DA7 /* Release */ = {
			isa = XCBuildConfiguration;
			buildSettings = {
				ALWAYS_SEARCH_USER_PATHS = NO;
				CLANG_ANALYZER_LOCALIZABILITY_NONLOCALIZED = YES;
				CLANG_ANALYZER_NONNULL = YES;
				CLANG_ANALYZER_NUMBER_OBJECT_CONVERSION = YES_AGGRESSIVE;
				CLANG_CXX_LANGUAGE_STANDARD = "gnu++17";
				CLANG_CXX_LIBRARY = "libc++";
				CLANG_ENABLE_MODULES = YES;
				CLANG_ENABLE_OBJC_ARC = YES;
				CLANG_ENABLE_OBJC_WEAK = YES;
				CLANG_WARN_BLOCK_CAPTURE_AUTORELEASING = YES;
				CLANG_WARN_BOOL_CONVERSION = YES;
				CLANG_WARN_COMMA = YES;
				CLANG_WARN_CONSTANT_CONVERSION = YES;
				CLANG_WARN_DEPRECATED_OBJC_IMPLEMENTATIONS = YES;
				CLANG_WARN_DIRECT_OBJC_ISA_USAGE = YES_ERROR;
				CLANG_WARN_DOCUMENTATION_COMMENTS = YES;
				CLANG_WARN_EMPTY_BODY = YES;
				CLANG_WARN_ENUM_CONVERSION = YES;
				CLANG_WARN_INFINITE_RECURSION = YES;
				CLANG_WARN_INT_CONVERSION = YES;
				CLANG_WARN_NON_LITERAL_NULL_CONVERSION = YES;
				CLANG_WARN_OBJC_IMPLICIT_RETAIN_SELF = YES;
				CLANG_WARN_OBJC_LITERAL_CONVERSION = YES;
				CLANG_WARN_OBJC_ROOT_CLASS = YES_ERROR;
				CLANG_WARN_QUOTED_INCLUDE_IN_FRAMEWORK_HEADER = YES;
				CLANG_WARN_RANGE_LOOP_ANALYSIS = YES;
				CLANG_WARN_STRICT_PROTOTYPES = YES;
				CLANG_WARN_SUSPICIOUS_MOVE = YES;
				CLANG_WARN_UNGUARDED_AVAILABILITY = YES_AGGRESSIVE;
				CLANG_WARN_UNREACHABLE_CODE = YES;
				CLANG_WARN__DUPLICATE_METHOD_MATCH = YES;
				COPY_PHASE_STRIP = NO;
				DEBUG_INFORMATION_FORMAT = "dwarf-with-dsym";
				ENABLE_NS_ASSERTIONS = NO;
				ENABLE_STRICT_OBJC_MSGSEND = YES;
				GCC_C_LANGUAGE_STANDARD = gnu11;
				GCC_NO_COMMON_BLOCKS = YES;
				GCC_WARN_64_TO_32_BIT_CONVERSION = YES;
				GCC_WARN_ABOUT_RETURN_TYPE = YES_ERROR;
				GCC_WARN_UNDECLARED_SELECTOR = YES;
				GCC_WARN_UNINITIALIZED_AUTOS = YES_AGGRESSIVE;
				GCC_WARN_UNUSED_FUNCTION = YES;
				GCC_WARN_UNUSED_VARIABLE = YES;
				IPHONEOS_DEPLOYMENT_TARGET = 15.2;
				MTL_ENABLE_DEBUG_INFO = NO;
				MTL_FAST_MATH = YES;
				SDKROOT = iphoneos;
				SWIFT_COMPILATION_MODE = wholemodule;
				SWIFT_OPTIMIZATION_LEVEL = "-O";
				VALIDATE_PRODUCT = YES;
			};
			name = Release;
		};
		9490E2FD29D63117006F1DA7 /* Debug */ = {
			isa = XCBuildConfiguration;
			buildSettings = {
				ASSETCATALOG_COMPILER_APPICON_NAME = AppIcon;
				ASSETCATALOG_COMPILER_GLOBAL_ACCENT_COLOR_NAME = AccentColor;
				CODE_SIGN_STYLE = Automatic;
				CURRENT_PROJECT_VERSION = 1;
				DEVELOPMENT_TEAM = 6MK4Y7JZVW;
				GENERATE_INFOPLIST_FILE = YES;
				INFOPLIST_FILE = LocalizationExampleTry/Info.plist;
				INFOPLIST_KEY_UIApplicationSupportsIndirectInputEvents = YES;
				INFOPLIST_KEY_UILaunchStoryboardName = LaunchScreen;
				INFOPLIST_KEY_UIMainStoryboardFile = Main;
				INFOPLIST_KEY_UISupportedInterfaceOrientations_iPad = "UIInterfaceOrientationPortrait UIInterfaceOrientationPortraitUpsideDown UIInterfaceOrientationLandscapeLeft UIInterfaceOrientationLandscapeRight";
				INFOPLIST_KEY_UISupportedInterfaceOrientations_iPhone = "UIInterfaceOrientationPortrait UIInterfaceOrientationLandscapeLeft UIInterfaceOrientationLandscapeRight";
				LD_RUNPATH_SEARCH_PATHS = (
					"$(inherited)",
					"@executable_path/Frameworks",
				);
				MARKETING_VERSION = 1.0;
				PRODUCT_BUNDLE_IDENTIFIER = edu.northeastern.wenqi.LocalizationExampleTry;
				PRODUCT_NAME = "$(TARGET_NAME)";
				SWIFT_EMIT_LOC_STRINGS = YES;
				SWIFT_VERSION = 5.0;
				TARGETED_DEVICE_FAMILY = "1,2";
			};
			name = Debug;
		};
		9490E2FE29D63117006F1DA7 /* Release */ = {
			isa = XCBuildConfiguration;
			buildSettings = {
				ASSETCATALOG_COMPILER_APPICON_NAME = AppIcon;
				ASSETCATALOG_COMPILER_GLOBAL_ACCENT_COLOR_NAME = AccentColor;
				CODE_SIGN_STYLE = Automatic;
				CURRENT_PROJECT_VERSION = 1;
				DEVELOPMENT_TEAM = 6MK4Y7JZVW;
				GENERATE_INFOPLIST_FILE = YES;
				INFOPLIST_FILE = LocalizationExampleTry/Info.plist;
				INFOPLIST_KEY_UIApplicationSupportsIndirectInputEvents = YES;
				INFOPLIST_KEY_UILaunchStoryboardName = LaunchScreen;
				INFOPLIST_KEY_UIMainStoryboardFile = Main;
				INFOPLIST_KEY_UISupportedInterfaceOrientations_iPad = "UIInterfaceOrientationPortrait UIInterfaceOrientationPortraitUpsideDown UIInterfaceOrientationLandscapeLeft UIInterfaceOrientationLandscapeRight";
				INFOPLIST_KEY_UISupportedInterfaceOrientations_iPhone = "UIInterfaceOrientationPortrait UIInterfaceOrientationLandscapeLeft UIInterfaceOrientationLandscapeRight";
				LD_RUNPATH_SEARCH_PATHS = (
					"$(inherited)",
					"@executable_path/Frameworks",
				);
				MARKETING_VERSION = 1.0;
				PRODUCT_BUNDLE_IDENTIFIER = edu.northeastern.wenqi.LocalizationExampleTry;
				PRODUCT_NAME = "$(TARGET_NAME)";
				SWIFT_EMIT_LOC_STRINGS = YES;
				SWIFT_VERSION = 5.0;
				TARGETED_DEVICE_FAMILY = "1,2";
			};
			name = Release;
		};
/* End XCBuildConfiguration section */

/* Begin XCConfigurationList section */
		9490E2E329D63116006F1DA7 /* Build configuration list for PBXProject "LocalizationExampleTry" */ = {
			isa = XCConfigurationList;
			buildConfigurations = (
				9490E2FA29D63117006F1DA7 /* Debug */,
				9490E2FB29D63117006F1DA7 /* Release */,
			);
			defaultConfigurationIsVisible = 0;
			defaultConfigurationName = Release;
		};
		9490E2FC29D63117006F1DA7 /* Build configuration list for PBXNativeTarget "LocalizationExampleTry" */ = {
			isa = XCConfigurationList;
			buildConfigurations = (
				9490E2FD29D63117006F1DA7 /* Debug */,
				9490E2FE29D63117006F1DA7 /* Release */,
			);
			defaultConfigurationIsVisible = 0;
			defaultConfigurationName = Release;
		};
/* End XCConfigurationList section */
	};
	rootObject = 9490E2E029D63116006F1DA7 /* Project object */;
}
